# THIS IS AN AUTOGENERATED FILE. DO NOT EDIT THIS FILE DIRECTLY.
# yarn lockfile v1


all-the-cities@^2.0.1:
  version "2.0.1"
  resolved "https://registry.yarnpkg.com/all-the-cities/-/all-the-cities-2.0.1.tgz#ceb5cbb661bdb896edabc36ee3cb14454206d929"
  dependencies:
    pbf "^3.0.5"

i18n-iso-countries@^3.6.3:
  version "3.6.3"
  resolved "https://registry.yarnpkg.com/i18n-iso-countries/-/i18n-iso-countries-3.6.3.tgz#c087a8d54cf7f30a3d67072b1d6ad4391fc5567d"

ieee754@^1.1.6:
  version "1.1.11"
  resolved "https://registry.yarnpkg.com/ieee754/-/ieee754-1.1.11.tgz#c16384ffe00f5b7835824e67b6f2bd44a5229455"

json-to-markdown@^1.0.4:
  version "1.0.4"
  resolved "https://registry.yarnpkg.com/json-to-markdown/-/json-to-markdown-1.0.4.tgz#0c7f0095eb140940c0b138054273fbaf566d7787"
  dependencies:
    lodash "^4.16.4"

lodash@^4.16.4, lodash@^4.17.10:
  version "4.17.10"
  resolved "https://registry.yarnpkg.com/lodash/-/lodash-4.17.10.tgz#1b7793cf7259ea38fb3661d4d38b3260af8ae4e7"

pbf@^3.0.5:
  version "3.1.0"
  resolved "https://registry.yarnpkg.com/pbf/-/pbf-3.1.0.tgz#f70004badcb281761eabb1e76c92f179f08189e9"
  dependencies:
    ieee754 "^1.1.6"
    resolve-protobuf-schema "^2.0.0"

protocol-buffers-schema@^2.0.2:
  version "2.2.0"
  resolved "https://registry.yarnpkg.com/protocol-buffers-schema/-/protocol-buffers-schema-2.2.0.tgz#d29c6cd73fb655978fb6989691180db844119f61"

resolve-protobuf-schema@^2.0.0:
  version "2.0.0"
  resolved "https://registry.yarnpkg.com/resolve-protobuf-schema/-/resolve-protobuf-schema-2.0.0.tgz#e67b062a67f02d11bd6886e70efda788407e0fb4"
  dependencies:
    protocol-buffers-schema "^2.0.2"
